# This file is automatically @generated by Poetry 1.7.1 and should not be changed by hand.

[[package]]
name = "aiokafka"
version = "0.12.0"
description = "Kafka integration with asyncio"
optional = false
python-versions = ">=3.9"
files = [
    {file = "aiokafka-0.12.0-cp310-cp310-macosx_10_9_x86_64.whl", hash = "sha256:da8938eac2153ca767ac0144283b3df7e74bb4c0abc0c9a722f3ae63cfbf3a42"},
    {file = "aiokafka-0.12.0-cp310-cp310-macosx_11_0_arm64.whl", hash = "sha256:a5c827c8883cfe64bc49100de82862225714e1853432df69aba99f135969bb1b"},
    {file = "aiokafka-0.12.0-cp310-cp310-manylinux_2_17_aarch64.manylinux2014_aarch64.whl", hash = "sha256:bea5710f7707ed12a7f8661ab38dfa80f5253a405de5ba228f457cc30404eb51"},
    {file = "aiokafka-0.12.0-cp310-cp310-manylinux_2_17_x86_64.manylinux2014_x86_64.whl", hash = "sha256:d87b1a45c57bbb1c17d1900a74739eada27e4f4a0b0932ab3c5a8cbae8bbfe1e"},
    {file = "aiokafka-0.12.0-cp310-cp310-win32.whl", hash = "sha256:1158e630664d9abc74d8a7673bc70dc10737ff758e1457bebc1c05890f29ce2c"},
    {file = "aiokafka-0.12.0-cp310-cp310-win_amd64.whl", hash = "sha256:06f5889acf8e1a81d6e14adf035acb29afd1f5836447fa8fa23d3cbe8f7e8608"},
    {file = "aiokafka-0.12.0-cp311-cp311-macosx_10_9_x86_64.whl", hash = "sha256:ddc5308c43d48af883667e2f950a0a9739ce2c9bfe69a0b55dc234f58b1b42d6"},
    {file = "aiokafka-0.12.0-cp311-cp311-macosx_11_0_arm64.whl", hash = "sha256:ff63689cafcd6dd642a15de75b7ae121071d6162cccba16d091bcb28b3886307"},
    {file = "aiokafka-0.12.0-cp311-cp311-manylinux_2_17_aarch64.manylinux2014_aarch64.whl", hash = "sha256:24633931e05a9dc80555a2f845572b6845d2dcb1af12de27837b8602b1b8bc74"},
    {file = "aiokafka-0.12.0-cp311-cp311-manylinux_2_17_x86_64.manylinux2014_x86_64.whl", hash = "sha256:42b2436c7c69384d210e9169fbfe339d9f49dbdcfddd8d51c79b9877de545e33"},
    {file = "aiokafka-0.12.0-cp311-cp311-win32.whl", hash = "sha256:90511a2c4cf5f343fc2190575041fbc70171654ab0dae64b3bbabd012613bfa7"},
    {file = "aiokafka-0.12.0-cp311-cp311-win_amd64.whl", hash = "sha256:04c8ad27d04d6c53a1859687015a5f4e58b1eb221e8a7342d6c6b04430def53e"},
    {file = "aiokafka-0.12.0-cp312-cp312-macosx_10_13_x86_64.whl", hash = "sha256:b01947553ff1120fa1cb1a05f2c3e5aa47a5378c720bafd09e6630ba18af02aa"},
    {file = "aiokafka-0.12.0-cp312-cp312-macosx_11_0_arm64.whl", hash = "sha256:e3c8ec1c0606fa645462c7353dc3e4119cade20c4656efa2031682ffaad361c0"},
    {file = "aiokafka-0.12.0-cp312-cp312-manylinux_2_17_aarch64.manylinux2014_aarch64.whl", hash = "sha256:577c1c48b240e9eba57b3d2d806fb3d023a575334fc3953f063179170cc8964f"},
    {file = "aiokafka-0.12.0-cp312-cp312-manylinux_2_17_x86_64.manylinux2014_x86_64.whl", hash = "sha256:d7b815b2e5fed9912f1231be6196547a367b9eb3380b487ff5942f0c73a3fb5c"},
    {file = "aiokafka-0.12.0-cp312-cp312-win32.whl", hash = "sha256:5a907abcdf02430df0829ac80f25b8bb849630300fa01365c76e0ae49306f512"},
    {file = "aiokafka-0.12.0-cp312-cp312-win_amd64.whl", hash = "sha256:fdbd69ec70eea4a8dfaa5c35ff4852e90e1277fcc426b9380f0b499b77f13b16"},
    {file = "aiokafka-0.12.0-cp313-cp313-macosx_10_13_x86_64.whl", hash = "sha256:f9e8ab97b935ca681a5f28cf22cf2b5112be86728876b3ec07e4ed5fc6c21f2d"},
    {file = "aiokafka-0.12.0-cp313-cp313-macosx_11_0_arm64.whl", hash = "sha256:ed991c120fe19fd9439f564201dd746c4839700ef270dd4c3ee6d4895f64fe83"},
    {file = "aiokafka-0.12.0-cp313-cp313-manylinux_2_17_aarch64.manylinux2014_aarch64.whl", hash = "sha256:2c01abf9787b1c3f3af779ad8e76d5b74903f590593bc26f33ed48750503e7f7"},
    {file = "aiokafka-0.12.0-cp313-cp313-manylinux_2_17_x86_64.manylinux2014_x86_64.whl", hash = "sha256:08c84b3894d97fd02fcc8886f394000d0f5ce771fab5c498ea2b0dd2f6b46d5b"},
    {file = "aiokafka-0.12.0-cp313-cp313-win32.whl", hash = "sha256:63875fed922c8c7cf470d9b2a82e1b76b4a1baf2ae62e07486cf516fd09ff8f2"},
    {file = "aiokafka-0.12.0-cp313-cp313-win_amd64.whl", hash = "sha256:bdc0a83eb386d2384325d6571f8ef65b4cfa205f8d1c16d7863e8d10cacd995a"},
    {file = "aiokafka-0.12.0-cp39-cp39-macosx_10_9_x86_64.whl", hash = "sha256:a9590554fae68ec80099beae5366f2494130535a1a3db0c4fa5ccb08f37f6e46"},
    {file = "aiokafka-0.12.0-cp39-cp39-macosx_11_0_arm64.whl", hash = "sha256:6c77f5953ff4b25c889aef26df1f28df66c58db7abb7f34ecbe48502e9a6d273"},
    {file = "aiokafka-0.12.0-cp39-cp39-manylinux_2_17_aarch64.manylinux2014_aarch64.whl", hash = "sha256:f96d7fd8fdb5f439f7e7860fd8ec37870265d0578475e82049bce60ab07ca045"},
    {file = "aiokafka-0.12.0-cp39-cp39-manylinux_2_17_x86_64.manylinux2014_x86_64.whl", hash = "sha256:b8ddff02b1e981083dff6d1a80d4502e0e83e0e480faf1f881766ca6f23e8d22"},
    {file = "aiokafka-0.12.0-cp39-cp39-win32.whl", hash = "sha256:4aab2767dcc8923626d8d60c314f9ba633563249cff71750db5d70b6ec813da2"},
    {file = "aiokafka-0.12.0-cp39-cp39-win_amd64.whl", hash = "sha256:7a57fda053acd1b88c87803ad0381a1d2a29d36ec561550d11ce9154972b8e23"},
    {file = "aiokafka-0.12.0.tar.gz", hash = "sha256:62423895b866f95b5ed8d88335295a37cc5403af64cb7cb0e234f88adc2dff94"},
]

[package.dependencies]
async-timeout = "*"
packaging = "*"
typing-extensions = ">=4.10.0"

[package.extras]
all = ["cramjam (>=2.8.0)", "gssapi"]
gssapi = ["gssapi"]
lz4 = ["cramjam (>=2.8.0)"]
snappy = ["cramjam"]
zstd = ["cramjam"]

[[package]]
name = "async-timeout"
version = "5.0.1"
description = "Timeout context manager for asyncio programs"
optional = false
python-versions = ">=3.8"
files = [
    {file = "async_timeout-5.0.1-py3-none-any.whl", hash = "sha256:39e3809566ff85354557ec2398b55e096c8364bacac9405a7a1fa429e77fe76c"},
    {file = "async_timeout-5.0.1.tar.gz", hash = "sha256:d9321a7a3d5a6a5e187e824d2fa0793ce379a202935782d555d6e9d2735677d3"},
]

[[package]]
name = "confluent-kafka"
version = "2.6.0"
description = "Confluent's Python client for Apache Kafka"
optional = false
python-versions = "*"
files = [
    {file = "confluent-kafka-2.6.0.tar.gz", hash = "sha256:f7afe69639bd2ab15404dd46a76e06213342a23cb5642d873342847cb2198c87"},
    {file = "confluent_kafka-2.6.0-cp310-cp310-macosx_10_9_x86_64.whl", hash = "sha256:123d8cff9e1f45be333b266a49beb649bc1f8f9a67a37a8b35cf7f441cb03452"},
    {file = "confluent_kafka-2.6.0-cp310-cp310-macosx_11_0_arm64.whl", hash = "sha256:ac6e397ee25019aeab320e5d4d3650078eb644908dc23eb2353726fe0c980dc8"},
    {file = "confluent_kafka-2.6.0-cp310-cp310-manylinux_2_28_aarch64.whl", hash = "sha256:fd70c7ac03606c6bccbc92d1876586c5c81b80416d11e24af1e6d965edf43b92"},
    {file = "confluent_kafka-2.6.0-cp310-cp310-manylinux_2_28_x86_64.whl", hash = "sha256:b9c8ea8e8817512a0431f2d95060cf1f88c20262a4f395816ee2c96fba1576bf"},
    {file = "confluent_kafka-2.6.0-cp310-cp310-win_amd64.whl", hash = "sha256:ce5d55a3ed1ec8ff449592b1295208d5b3846f1962d1c3a8cfd0022ea3e01cf5"},
    {file = "confluent_kafka-2.6.0-cp311-cp311-macosx_10_9_x86_64.whl", hash = "sha256:b6343f83052c6a6234a9c12cfa764a8b7440dbe0d293027606e314827fa7ad6a"},
    {file = "confluent_kafka-2.6.0-cp311-cp311-macosx_11_0_arm64.whl", hash = "sha256:1a26e91200bbd0f09effe4d2f3b524c959c4a8925b62cb022676aeb223195f96"},
    {file = "confluent_kafka-2.6.0-cp311-cp311-manylinux_2_28_aarch64.whl", hash = "sha256:6830b17a7c2253b95b873b3cf0fe877ce882e348cfcf9d4d939ade5626f87b1d"},
    {file = "confluent_kafka-2.6.0-cp311-cp311-manylinux_2_28_x86_64.whl", hash = "sha256:7a9a58472e23112043e9a36e048241bccc3fd211f066fba778c070f0eafa35c8"},
    {file = "confluent_kafka-2.6.0-cp311-cp311-win_amd64.whl", hash = "sha256:c134c1afdc6c83c82228a3bec9550a62748ec4cd9b6913efed4f4e903db321cc"},
    {file = "confluent_kafka-2.6.0-cp312-cp312-macosx_10_9_x86_64.whl", hash = "sha256:7d14f70ca8c8435116119cf343028aa98987badb7ef06f1a37b480074b15ba64"},
    {file = "confluent_kafka-2.6.0-cp312-cp312-macosx_11_0_arm64.whl", hash = "sha256:6c7d7161d6e68ffc7497e4768c30654151319edb6637739ac64e857a404fe531"},
    {file = "confluent_kafka-2.6.0-cp312-cp312-manylinux_2_28_aarch64.whl", hash = "sha256:7189a64a0a829f391e65167de39234904ab374a6d453f6017f9287adb45cd469"},
    {file = "confluent_kafka-2.6.0-cp312-cp312-manylinux_2_28_x86_64.whl", hash = "sha256:2a685e1c14b5cb20a8567cb42b762021488fce95c770cf6b1d3a4f175d9aaaac"},
    {file = "confluent_kafka-2.6.0-cp312-cp312-win_amd64.whl", hash = "sha256:e9e4b279852b1c3f6457ee00245327cfe6023b3271b01e5ae73d3995cb7dfee4"},
    {file = "confluent_kafka-2.6.0-cp313-cp313-macosx_13_0_arm64.whl", hash = "sha256:d17a8014a153c719d1b8a742c285a98aa96f482a78f09ebc0aedc593ae8bea29"},
    {file = "confluent_kafka-2.6.0-cp313-cp313-macosx_13_0_x86_64.whl", hash = "sha256:ab6607603806dc05f3671a249c7bed3821321b58af151f9bc1b3cfd73bb526d8"},
    {file = "confluent_kafka-2.6.0-cp313-cp313-manylinux_2_28_aarch64.whl", hash = "sha256:e46fbc61d36752b4a6d6c48e042dd2e10c7c2c4f00e51033fd8e3d435a2ee44c"},
    {file = "confluent_kafka-2.6.0-cp313-cp313-manylinux_2_28_x86_64.whl", hash = "sha256:e36d8b924ed884e0eabbdb22519c059b528953358c739e0f6c0510e447260402"},
    {file = "confluent_kafka-2.6.0-cp313-cp313-win_amd64.whl", hash = "sha256:47b9f8497938c75036f3dd124da50cb56599ae7c238803bfe2a52ed5b6cda197"},
    {file = "confluent_kafka-2.6.0-cp36-cp36m-macosx_10_9_x86_64.whl", hash = "sha256:b6a67672eb7fb7669539e3c57ce3d51beefaf74f21498be92b8624ee86ab9d64"},
    {file = "confluent_kafka-2.6.0-cp36-cp36m-manylinux_2_28_aarch64.whl", hash = "sha256:adbc37516440246edd3ff99069c49338cd27d6957d596075a19d6ff0bcb2fd40"},
    {file = "confluent_kafka-2.6.0-cp36-cp36m-manylinux_2_28_x86_64.whl", hash = "sha256:4ee544a258891dddc709ae8f97242861f3eedd9e945688b5bfe99238004f68ee"},
    {file = "confluent_kafka-2.6.0-cp36-cp36m-win_amd64.whl", hash = "sha256:e8c1fec7f05f52f2cd57969bacba7afc81c71cd4b2a6629ebba0df08d5c4068f"},
    {file = "confluent_kafka-2.6.0-cp37-cp37m-macosx_10_9_x86_64.whl", hash = "sha256:4a7f244d0476e8c54bb1fe008195e2b9c491317976008945b0e4d3deef369310"},
    {file = "confluent_kafka-2.6.0-cp37-cp37m-manylinux_2_28_aarch64.whl", hash = "sha256:86f7ef75cc977a0750db46b397a75db88a70879c2e8f4c1e0ed2b47e485a8110"},
    {file = "confluent_kafka-2.6.0-cp37-cp37m-manylinux_2_28_x86_64.whl", hash = "sha256:045f67a6718e2e7312c6407f4510cd6c8293533936b9e6c4ebc78e46c4b4c5dd"},
    {file = "confluent_kafka-2.6.0-cp37-cp37m-win_amd64.whl", hash = "sha256:4397365bf0d988a0bc21b82d717eba4fb879682d3d1737b88717c9cd6248a9c1"},
    {file = "confluent_kafka-2.6.0-cp38-cp38-macosx_10_9_x86_64.whl", hash = "sha256:c486a4ebb998545a32e8abb70995db519c46913b3fbcaf022ca49a53ba807907"},
    {file = "confluent_kafka-2.6.0-cp38-cp38-macosx_11_0_arm64.whl", hash = "sha256:1cdb0e2c755bfe8e85d7e1dbd949557646279a97c2a1925fdeff4054a509e07b"},
    {file = "confluent_kafka-2.6.0-cp38-cp38-manylinux_2_28_aarch64.whl", hash = "sha256:c0dbbbefa0f2d0390bf86567d7d3711c4bf186def8f61b6ed9cff493af10e056"},
    {file = "confluent_kafka-2.6.0-cp38-cp38-manylinux_2_28_x86_64.whl", hash = "sha256:bf44a28a1e5e53da1acb0d356ef6c96a23062c20ab6d0c4e470f50b29004e26b"},
    {file = "confluent_kafka-2.6.0-cp38-cp38-win_amd64.whl", hash = "sha256:5ac22691e84eac632011d138d33c2d3446a6cb3db893bf42143737e461603554"},
    {file = "confluent_kafka-2.6.0-cp39-cp39-macosx_10_9_x86_64.whl", hash = "sha256:87f022be528cb601d5a6b828328e7df795999fac3975ead82e8a3d2210d8b0f7"},
    {file = "confluent_kafka-2.6.0-cp39-cp39-macosx_11_0_arm64.whl", hash = "sha256:e3b6756436a1302d19a1cb75623e23182fa197c853c87d43f15c99b43f8fbb17"},
    {file = "confluent_kafka-2.6.0-cp39-cp39-manylinux_2_28_aarch64.whl", hash = "sha256:e05514ab6b50ed209d091029af868950ae5a2e46f9b27231d6d352352b7f3323"},
    {file = "confluent_kafka-2.6.0-cp39-cp39-manylinux_2_28_x86_64.whl", hash = "sha256:bf59fb1054544de9ebcdf564c2acfad7d05cd758b91d82d6057a87529be898c8"},
    {file = "confluent_kafka-2.6.0-cp39-cp39-win_amd64.whl", hash = "sha256:99a39a6a697ed1ab1d738835dfd18fb2f1ffd76fc2d00e037d4fa26a07cf798e"},
]

[package.extras]
avro = ["avro (>=1.11.1,<2)", "fastavro (>=0.23.0,<1.0)", "fastavro (>=1.0)", "requests"]
dev = ["avro (>=1.11.1,<2)", "fastavro (>=0.23.0,<1.0)", "fastavro (>=1.0)", "flake8", "pytest", "pytest (==4.6.4)", "pytest-timeout", "requests"]
doc = ["avro (>=1.11.1,<2)", "fastavro (>=0.23.0,<1.0)", "fastavro (>=1.0)", "requests", "sphinx", "sphinx-rtd-theme"]
json = ["jsonschema", "pyrsistent", "pyrsistent (==0.16.1)", "requests"]
protobuf = ["protobuf", "requests"]
schema-registry = ["requests"]

[[package]]
name = "kafka-python-ng"
version = "2.2.3"
description = "Pure Python client for Apache Kafka"
optional = false
python-versions = ">=3.8"
files = [
    {file = "kafka_python_ng-2.2.3-py2.py3-none-any.whl", hash = "sha256:adc6e82147c441ca4ae1f22e291fc08efab0d10971cbd4aa1481d2ffa38e9480"},
    {file = "kafka_python_ng-2.2.3.tar.gz", hash = "sha256:f79f28e10ade9b5a9860b2ec15b7cc8dc510d5702f5a399430478cff5f93a05a"},
]

[package.extras]
boto = ["botocore"]
crc32c = ["crc32c"]
lz4 = ["lz4"]
snappy = ["python-snappy"]
zstd = ["zstandard"]

[[package]]
name = "objgraph"
version = "3.6.2"
description = "Draws Python object reference graphs with graphviz"
optional = false
python-versions = ">=3.7"
files = [
    {file = "objgraph-3.6.2-py3-none-any.whl", hash = "sha256:8114c97712291c3ba30d882406a384d0a7651b307ea9a06e0d83836ccde85e15"},
    {file = "objgraph-3.6.2.tar.gz", hash = "sha256:00b9f2f40f7422e3c7f45a61c4dafdaf81f03ff0649d6eaec866f01030e51ad8"},
]

[package.extras]
ipython = ["graphviz"]

[[package]]
name = "packaging"
version = "24.2"
description = "Core utilities for Python packages"
optional = false
python-versions = ">=3.8"
files = [
    {file = "packaging-24.2-py3-none-any.whl", hash = "sha256:09abb1bccd265c01f4a3aa3f7a7db064b36514d2cba19a2f694fe6150451a759"},
    {file = "packaging-24.2.tar.gz", hash = "sha256:c228a6dc5e932d346bc5739379109d49e8853dd8223571c7c5b55260edc0b97f"},
]

[[package]]
name = "psutil"
version = "6.1.0"
description = "Cross-platform lib for process and system monitoring in Python."
optional = false
python-versions = "!=3.0.*,!=3.1.*,!=3.2.*,!=3.3.*,!=3.4.*,!=3.5.*,>=2.7"
files = [
    {file = "psutil-6.1.0-cp27-cp27m-macosx_10_9_x86_64.whl", hash = "sha256:ff34df86226c0227c52f38b919213157588a678d049688eded74c76c8ba4a5d0"},
    {file = "psutil-6.1.0-cp27-cp27m-manylinux2010_i686.whl", hash = "sha256:c0e0c00aa18ca2d3b2b991643b799a15fc8f0563d2ebb6040f64ce8dc027b942"},
    {file = "psutil-6.1.0-cp27-cp27m-manylinux2010_x86_64.whl", hash = "sha256:000d1d1ebd634b4efb383f4034437384e44a6d455260aaee2eca1e9c1b55f047"},
    {file = "psutil-6.1.0-cp27-cp27mu-manylinux2010_i686.whl", hash = "sha256:5cd2bcdc75b452ba2e10f0e8ecc0b57b827dd5d7aaffbc6821b2a9a242823a76"},
    {file = "psutil-6.1.0-cp27-cp27mu-manylinux2010_x86_64.whl", hash = "sha256:045f00a43c737f960d273a83973b2511430d61f283a44c96bf13a6e829ba8fdc"},
    {file = "psutil-6.1.0-cp27-none-win32.whl", hash = "sha256:9118f27452b70bb1d9ab3198c1f626c2499384935aaf55388211ad982611407e"},
    {file = "psutil-6.1.0-cp27-none-win_amd64.whl", hash = "sha256:a8506f6119cff7015678e2bce904a4da21025cc70ad283a53b099e7620061d85"},
    {file = "psutil-6.1.0-cp36-abi3-macosx_10_9_x86_64.whl", hash = "sha256:6e2dcd475ce8b80522e51d923d10c7871e45f20918e027ab682f94f1c6351688"},
    {file = "psutil-6.1.0-cp36-abi3-macosx_11_0_arm64.whl", hash = "sha256:0895b8414afafc526712c498bd9de2b063deaac4021a3b3c34566283464aff8e"},
    {file = "psutil-6.1.0-cp36-abi3-manylinux_2_12_i686.manylinux2010_i686.manylinux_2_17_i686.manylinux2014_i686.whl", hash = "sha256:9dcbfce5d89f1d1f2546a2090f4fcf87c7f669d1d90aacb7d7582addece9fb38"},
    {file = "psutil-6.1.0-cp36-abi3-manylinux_2_12_x86_64.manylinux2010_x86_64.manylinux_2_17_x86_64.manylinux2014_x86_64.whl", hash = "sha256:498c6979f9c6637ebc3a73b3f87f9eb1ec24e1ce53a7c5173b8508981614a90b"},
    {file = "psutil-6.1.0-cp36-abi3-manylinux_2_17_aarch64.manylinux2014_aarch64.whl", hash = "sha256:d905186d647b16755a800e7263d43df08b790d709d575105d419f8b6ef65423a"},
    {file = "psutil-6.1.0-cp36-cp36m-win32.whl", hash = "sha256:6d3fbbc8d23fcdcb500d2c9f94e07b1342df8ed71b948a2649b5cb060a7c94ca"},
    {file = "psutil-6.1.0-cp36-cp36m-win_amd64.whl", hash = "sha256:1209036fbd0421afde505a4879dee3b2fd7b1e14fee81c0069807adcbbcca747"},
    {file = "psutil-6.1.0-cp37-abi3-win32.whl", hash = "sha256:1ad45a1f5d0b608253b11508f80940985d1d0c8f6111b5cb637533a0e6ddc13e"},
    {file = "psutil-6.1.0-cp37-abi3-win_amd64.whl", hash = "sha256:a8fb3752b491d246034fa4d279ff076501588ce8cbcdbb62c32fd7a377d996be"},
    {file = "psutil-6.1.0.tar.gz", hash = "sha256:353815f59a7f64cdaca1c0307ee13558a0512f6db064e92fe833784f08539c7a"},
]

[package.extras]
dev = ["black", "check-manifest", "coverage", "packaging", "pylint", "pyperf", "pypinfo", "pytest-cov", "requests", "rstcheck", "ruff", "sphinx", "sphinx_rtd_theme", "toml-sort", "twine", "virtualenv", "wheel"]
test = ["pytest", "pytest-xdist", "setuptools"]

[[package]]
name = "typing-extensions"
version = "4.12.2"
description = "Backported and Experimental Type Hints for Python 3.8+"
optional = false
python-versions = ">=3.8"
files = [
    {file = "typing_extensions-4.12.2-py3-none-any.whl", hash = "sha256:04e5ca0351e0f3f85c6853954072df659d0d13fac324d0072316b67d7794700d"},
    {file = "typing_extensions-4.12.2.tar.gz", hash = "sha256:1a7ead55c7e559dd4dee8856e3a88b41225abfe1ce8df57b7c13915fe121ffb8"},
]

[metadata]
lock-version = "2.0"
python-versions = "^3.12"
content-hash = "3e4897772ddfa93f05d2bcd4b66ffcd9ed5498c94cb0b7e36327f47fe089c236"
